// !$*UTF8*$!
{
	archiveVersion = 1;
	classes = {
	};
	objectVersion = 50;
	objects = {

/* Begin PBXBuildFile section */
		400FBAC721299D4900200EAA /* AppDelegate.swift in Sources */ = {isa = PBXBuildFile; fileRef = 400FBAC621299D4900200EAA /* AppDelegate.swift */; };
		400FBAC921299D4900200EAA /* ViewController.swift in Sources */ = {isa = PBXBuildFile; fileRef = 400FBAC821299D4900200EAA /* ViewController.swift */; };
		400FBACC21299D4900200EAA /* Main.storyboard in Resources */ = {isa = PBXBuildFile; fileRef = 400FBACA21299D4900200EAA /* Main.storyboard */; };
		400FBACE21299D4C00200EAA /* Assets.xcassets in Resources */ = {isa = PBXBuildFile; fileRef = 400FBACD21299D4C00200EAA /* Assets.xcassets */; };
		400FBAD121299D4C00200EAA /* LaunchScreen.storyboard in Resources */ = {isa = PBXBuildFile; fileRef = 400FBACF21299D4C00200EAA /* LaunchScreen.storyboard */; };
		400FBADC21299D4C00200EAA /* ShareTests.swift in Sources */ = {isa = PBXBuildFile; fileRef = 400FBADB21299D4C00200EAA /* ShareTests.swift */; };
		400FBAE721299D4C00200EAA /* ShareUITests.swift in Sources */ = {isa = PBXBuildFile; fileRef = 400FBAE621299D4C00200EAA /* ShareUITests.swift */; };
		4081659B2132A33700735149 /* LoginController.swift in Sources */ = {isa = PBXBuildFile; fileRef = 4081659A2132A33700735149 /* LoginController.swift */; };
		4081659F2132BB6300735149 /* GoogleService-Info.plist in Resources */ = {isa = PBXBuildFile; fileRef = 4081659E2132BB6300735149 /* GoogleService-Info.plist */; };
		49E555FD27D092C73F31AB01 /* Pods_ShareTests.framework in Frameworks */ = {isa = PBXBuildFile; fileRef = C10A28280730FE2276167FBF /* Pods_ShareTests.framework */; };
		5A7191202DE8C0B8DD9A4ED3 /* Pods_ShareUITests.framework in Frameworks */ = {isa = PBXBuildFile; fileRef = A5F998E58D8B076A81FDFA55 /* Pods_ShareUITests.framework */; };
		CDFE0555D3AEEFA4842FAB99 /* Pods_Share.framework in Frameworks */ = {isa = PBXBuildFile; fileRef = 4C1F66EC9B7FBFDD429B2529 /* Pods_Share.framework */; };
/* End PBXBuildFile section */

/* Begin PBXContainerItemProxy section */
		400FBAD821299D4C00200EAA /* PBXContainerItemProxy */ = {
			isa = PBXContainerItemProxy;
			containerPortal = 400FBABB21299D4900200EAA /* Project object */;
			proxyType = 1;
			remoteGlobalIDString = 400FBAC221299D4900200EAA;
			remoteInfo = Share;
		};
		400FBAE321299D4C00200EAA /* PBXContainerItemProxy */ = {
			isa = PBXContainerItemProxy;
			containerPortal = 400FBABB21299D4900200EAA /* Project object */;
			proxyType = 1;
			remoteGlobalIDString = 400FBAC221299D4900200EAA;
			remoteInfo = Share;
		};
/* End PBXContainerItemProxy section */

/* Begin PBXFileReference section */
		0CA20C92098BCC5921E60A23 /* Pods-ShareUITests.debug.xcconfig */ = {isa = PBXFileReference; includeInIndex = 1; lastKnownFileType = text.xcconfig; name = "Pods-ShareUITests.debug.xcconfig"; path = "Pods/Target Support Files/Pods-ShareUITests/Pods-ShareUITests.debug.xcconfig"; sourceTree = "<group>"; };
		400FBAC321299D4900200EAA /* Share.app */ = {isa = PBXFileReference; explicitFileType = wrapper.application; includeInIndex = 0; path = Share.app; sourceTree = BUILT_PRODUCTS_DIR; };
		400FBAC621299D4900200EAA /* AppDelegate.swift */ = {isa = PBXFileReference; lastKnownFileType = sourcecode.swift; path = AppDelegate.swift; sourceTree = "<group>"; };
		400FBAC821299D4900200EAA /* ViewController.swift */ = {isa = PBXFileReference; lastKnownFileType = sourcecode.swift; path = ViewController.swift; sourceTree = "<group>"; };
		400FBACB21299D4900200EAA /* Base */ = {isa = PBXFileReference; lastKnownFileType = file.storyboard; name = Base; path = Base.lproj/Main.storyboard; sourceTree = "<group>"; };
		400FBACD21299D4C00200EAA /* Assets.xcassets */ = {isa = PBXFileReference; lastKnownFileType = folder.assetcatalog; path = Assets.xcassets; sourceTree = "<group>"; };
		400FBAD021299D4C00200EAA /* Base */ = {isa = PBXFileReference; lastKnownFileType = file.storyboard; name = Base; path = Base.lproj/LaunchScreen.storyboard; sourceTree = "<group>"; };
		400FBAD221299D4C00200EAA /* Info.plist */ = {isa = PBXFileReference; lastKnownFileType = text.plist.xml; path = Info.plist; sourceTree = "<group>"; };
		400FBAD721299D4C00200EAA /* ShareTests.xctest */ = {isa = PBXFileReference; explicitFileType = wrapper.cfbundle; includeInIndex = 0; path = ShareTests.xctest; sourceTree = BUILT_PRODUCTS_DIR; };
		400FBADB21299D4C00200EAA /* ShareTests.swift */ = {isa = PBXFileReference; lastKnownFileType = sourcecode.swift; path = ShareTests.swift; sourceTree = "<group>"; };
		400FBADD21299D4C00200EAA /* Info.plist */ = {isa = PBXFileReference; lastKnownFileType = text.plist.xml; path = Info.plist; sourceTree = "<group>"; };
		400FBAE221299D4C00200EAA /* ShareUITests.xctest */ = {isa = PBXFileReference; explicitFileType = wrapper.cfbundle; includeInIndex = 0; path = ShareUITests.xctest; sourceTree = BUILT_PRODUCTS_DIR; };
		400FBAE621299D4C00200EAA /* ShareUITests.swift */ = {isa = PBXFileReference; lastKnownFileType = sourcecode.swift; path = ShareUITests.swift; sourceTree = "<group>"; };
		400FBAE821299D4C00200EAA /* Info.plist */ = {isa = PBXFileReference; lastKnownFileType = text.plist.xml; path = Info.plist; sourceTree = "<group>"; };
		4081659A2132A33700735149 /* LoginController.swift */ = {isa = PBXFileReference; lastKnownFileType = sourcecode.swift; path = LoginController.swift; sourceTree = "<group>"; };
		4081659E2132BB6300735149 /* GoogleService-Info.plist */ = {isa = PBXFileReference; fileEncoding = 4; lastKnownFileType = text.plist.xml; path = "GoogleService-Info.plist"; sourceTree = "<group>"; };
		4C1F66EC9B7FBFDD429B2529 /* Pods_Share.framework */ = {isa = PBXFileReference; explicitFileType = wrapper.framework; includeInIndex = 0; path = Pods_Share.framework; sourceTree = BUILT_PRODUCTS_DIR; };
		4D26BBA75A49161E658EBA5B /* Pods-ShareTests.debug.xcconfig */ = {isa = PBXFileReference; includeInIndex = 1; lastKnownFileType = text.xcconfig; name = "Pods-ShareTests.debug.xcconfig"; path = "Pods/Target Support Files/Pods-ShareTests/Pods-ShareTests.debug.xcconfig"; sourceTree = "<group>"; };
		501AEFA7430D8AAA588AB94A /* Pods-ShareUITests.release.xcconfig */ = {isa = PBXFileReference; includeInIndex = 1; lastKnownFileType = text.xcconfig; name = "Pods-ShareUITests.release.xcconfig"; path = "Pods/Target Support Files/Pods-ShareUITests/Pods-ShareUITests.release.xcconfig"; sourceTree = "<group>"; };
		655EFFF0D40EC2F156EBA7FC /* Pods-Share.release.xcconfig */ = {isa = PBXFileReference; includeInIndex = 1; lastKnownFileType = text.xcconfig; name = "Pods-Share.release.xcconfig"; path = "Pods/Target Support Files/Pods-Share/Pods-Share.release.xcconfig"; sourceTree = "<group>"; };
		A5F998E58D8B076A81FDFA55 /* Pods_ShareUITests.framework */ = {isa = PBXFileReference; explicitFileType = wrapper.framework; includeInIndex = 0; path = Pods_ShareUITests.framework; sourceTree = BUILT_PRODUCTS_DIR; };
		C10A28280730FE2276167FBF /* Pods_ShareTests.framework */ = {isa = PBXFileReference; explicitFileType = wrapper.framework; includeInIndex = 0; path = Pods_ShareTests.framework; sourceTree = BUILT_PRODUCTS_DIR; };
		F387040DE8BF932EBA740041 /* Pods-ShareTests.release.xcconfig */ = {isa = PBXFileReference; includeInIndex = 1; lastKnownFileType = text.xcconfig; name = "Pods-ShareTests.release.xcconfig"; path = "Pods/Target Support Files/Pods-ShareTests/Pods-ShareTests.release.xcconfig"; sourceTree = "<group>"; };
		FA0BECB48AA7C5D23B3B4C42 /* Pods-Share.debug.xcconfig */ = {isa = PBXFileReference; includeInIndex = 1; lastKnownFileType = text.xcconfig; name = "Pods-Share.debug.xcconfig"; path = "Pods/Target Support Files/Pods-Share/Pods-Share.debug.xcconfig"; sourceTree = "<group>"; };
/* End PBXFileReference section */

/* Begin PBXFrameworksBuildPhase section */
		400FBAC021299D4900200EAA /* Frameworks */ = {
			isa = PBXFrameworksBuildPhase;
			buildActionMask = 2147483647;
			files = (
				CDFE0555D3AEEFA4842FAB99 /* Pods_Share.framework in Frameworks */,
			);
			runOnlyForDeploymentPostprocessing = 0;
		};
		400FBAD421299D4C00200EAA /* Frameworks */ = {
			isa = PBXFrameworksBuildPhase;
			buildActionMask = 2147483647;
			files = (
				49E555FD27D092C73F31AB01 /* Pods_ShareTests.framework in Frameworks */,
			);
			runOnlyForDeploymentPostprocessing = 0;
		};
		400FBADF21299D4C00200EAA /* Frameworks */ = {
			isa = PBXFrameworksBuildPhase;
			buildActionMask = 2147483647;
			files = (
				5A7191202DE8C0B8DD9A4ED3 /* Pods_ShareUITests.framework in Frameworks */,
			);
			runOnlyForDeploymentPostprocessing = 0;
		};
/* End PBXFrameworksBuildPhase section */

/* Begin PBXGroup section */
		400FBABA21299D4900200EAA = {
			isa = PBXGroup;
			children = (
				400FBAC521299D4900200EAA /* Share */,
				400FBADA21299D4C00200EAA /* ShareTests */,
				400FBAE521299D4C00200EAA /* ShareUITests */,
				400FBAC421299D4900200EAA /* Products */,
				EA309BAFC4DC3A134D26CB2F /* Pods */,
				C13228A02729CA40B87DE577 /* Frameworks */,
			);
			sourceTree = "<group>";
		};
		400FBAC421299D4900200EAA /* Products */ = {
			isa = PBXGroup;
			children = (
				400FBAC321299D4900200EAA /* Share.app */,
				400FBAD721299D4C00200EAA /* ShareTests.xctest */,
				400FBAE221299D4C00200EAA /* ShareUITests.xctest */,
			);
			name = Products;
			sourceTree = "<group>";
		};
		400FBAC521299D4900200EAA /* Share */ = {
			isa = PBXGroup;
			children = (
				408165992132A30500735149 /* New Group */,
				400FBAC621299D4900200EAA /* AppDelegate.swift */,
				400FBACA21299D4900200EAA /* Main.storyboard */,
				400FBACD21299D4C00200EAA /* Assets.xcassets */,
				400FBACF21299D4C00200EAA /* LaunchScreen.storyboard */,
				400FBAD221299D4C00200EAA /* Info.plist */,
				4081659E2132BB6300735149 /* GoogleService-Info.plist */,
			);
			path = Share;
			sourceTree = "<group>";
		};
		400FBADA21299D4C00200EAA /* ShareTests */ = {
			isa = PBXGroup;
			children = (
				400FBADB21299D4C00200EAA /* ShareTests.swift */,
				400FBADD21299D4C00200EAA /* Info.plist */,
			);
			path = ShareTests;
			sourceTree = "<group>";
		};
		400FBAE521299D4C00200EAA /* ShareUITests */ = {
			isa = PBXGroup;
			children = (
				400FBAE621299D4C00200EAA /* ShareUITests.swift */,
				400FBAE821299D4C00200EAA /* Info.plist */,
			);
			path = ShareUITests;
			sourceTree = "<group>";
		};
		408165992132A30500735149 /* New Group */ = {
			isa = PBXGroup;
			children = (
				4081659A2132A33700735149 /* LoginController.swift */,
				400FBAC821299D4900200EAA /* ViewController.swift */,
			);
			path = "New Group";
			sourceTree = "<group>";
		};
		C13228A02729CA40B87DE577 /* Frameworks */ = {
			isa = PBXGroup;
			children = (
				4C1F66EC9B7FBFDD429B2529 /* Pods_Share.framework */,
				C10A28280730FE2276167FBF /* Pods_ShareTests.framework */,
				A5F998E58D8B076A81FDFA55 /* Pods_ShareUITests.framework */,
			);
			name = Frameworks;
			sourceTree = "<group>";
		};
		EA309BAFC4DC3A134D26CB2F /* Pods */ = {
			isa = PBXGroup;
			children = (
				FA0BECB48AA7C5D23B3B4C42 /* Pods-Share.debug.xcconfig */,
				655EFFF0D40EC2F156EBA7FC /* Pods-Share.release.xcconfig */,
				4D26BBA75A49161E658EBA5B /* Pods-ShareTests.debug.xcconfig */,
				F387040DE8BF932EBA740041 /* Pods-ShareTests.release.xcconfig */,
				0CA20C92098BCC5921E60A23 /* Pods-ShareUITests.debug.xcconfig */,
				501AEFA7430D8AAA588AB94A /* Pods-ShareUITests.release.xcconfig */,
			);
			name = Pods;
			sourceTree = "<group>";
		};
/* End PBXGroup section */

/* Begin PBXNativeTarget section */
		400FBAC221299D4900200EAA /* Share */ = {
			isa = PBXNativeTarget;
			buildConfigurationList = 400FBAEB21299D4C00200EAA /* Build configuration list for PBXNativeTarget "Share" */;
			buildPhases = (
				FEBD5EFE740CAFEE0491A484 /* [CP] Check Pods Manifest.lock */,
				400FBABF21299D4900200EAA /* Sources */,
				400FBAC021299D4900200EAA /* Frameworks */,
				400FBAC121299D4900200EAA /* Resources */,
				6809445A7F0AB960262A6E9D /* [CP] Embed Pods Frameworks */,
			);
			buildRules = (
			);
			dependencies = (
			);
			name = Share;
			productName = Share;
			productReference = 400FBAC321299D4900200EAA /* Share.app */;
			productType = "com.apple.product-type.application";
		};
		400FBAD621299D4C00200EAA /* ShareTests */ = {
			isa = PBXNativeTarget;
			buildConfigurationList = 400FBAEE21299D4C00200EAA /* Build configuration list for PBXNativeTarget "ShareTests" */;
			buildPhases = (
				C1A0B093A95812A4C958F3F5 /* [CP] Check Pods Manifest.lock */,
				400FBAD321299D4C00200EAA /* Sources */,
				400FBAD421299D4C00200EAA /* Frameworks */,
				400FBAD521299D4C00200EAA /* Resources */,
			);
			buildRules = (
			);
			dependencies = (
				400FBAD921299D4C00200EAA /* PBXTargetDependency */,
			);
			name = ShareTests;
			productName = ShareTests;
			productReference = 400FBAD721299D4C00200EAA /* ShareTests.xctest */;
			productType = "com.apple.product-type.bundle.unit-test";
		};
		400FBAE121299D4C00200EAA /* ShareUITests */ = {
			isa = PBXNativeTarget;
			buildConfigurationList = 400FBAF121299D4C00200EAA /* Build configuration list for PBXNativeTarget "ShareUITests" */;
			buildPhases = (
				15D887DC57BCB3ED14315EEB /* [CP] Check Pods Manifest.lock */,
				400FBADE21299D4C00200EAA /* Sources */,
				400FBADF21299D4C00200EAA /* Frameworks */,
				400FBAE021299D4C00200EAA /* Resources */,
			);
			buildRules = (
			);
			dependencies = (
				400FBAE421299D4C00200EAA /* PBXTargetDependency */,
			);
			name = ShareUITests;
			productName = ShareUITests;
			productReference = 400FBAE221299D4C00200EAA /* ShareUITests.xctest */;
			productType = "com.apple.product-type.bundle.ui-testing";
		};
/* End PBXNativeTarget section */

/* Begin PBXProject section */
		400FBABB21299D4900200EAA /* Project object */ = {
			isa = PBXProject;
			attributes = {
				LastSwiftUpdateCheck = 0940;
				LastUpgradeCheck = 0940;
				ORGANIZATIONNAME = "Caryl Rabanos";
				TargetAttributes = {
					400FBAC221299D4900200EAA = {
						CreatedOnToolsVersion = 9.4;
					};
					400FBAD621299D4C00200EAA = {
						CreatedOnToolsVersion = 9.4;
						TestTargetID = 400FBAC221299D4900200EAA;
					};
					400FBAE121299D4C00200EAA = {
						CreatedOnToolsVersion = 9.4;
						TestTargetID = 400FBAC221299D4900200EAA;
					};
				};
			};
			buildConfigurationList = 400FBABE21299D4900200EAA /* Build configuration list for PBXProject "Share" */;
			compatibilityVersion = "Xcode 9.3";
			developmentRegion = en;
			hasScannedForEncodings = 0;
			knownRegions = (
				en,
				Base,
			);
			mainGroup = 400FBABA21299D4900200EAA;
			productRefGroup = 400FBAC421299D4900200EAA /* Products */;
			projectDirPath = "";
			projectRoot = "";
			targets = (
				400FBAC221299D4900200EAA /* Share */,
				400FBAD621299D4C00200EAA /* ShareTests */,
				400FBAE121299D4C00200EAA /* ShareUITests */,
			);
		};
/* End PBXProject section */

/* Begin PBXResourcesBuildPhase section */
		400FBAC121299D4900200EAA /* Resources */ = {
			isa = PBXResourcesBuildPhase;
			buildActionMask = 2147483647;
			files = (
				400FBAD121299D4C00200EAA /* LaunchScreen.storyboard in Resources */,
				4081659F2132BB6300735149 /* GoogleService-Info.plist in Resources */,
				400FBACE21299D4C00200EAA /* Assets.xcassets in Resources */,
				400FBACC21299D4900200EAA /* Main.storyboard in Resources */,
			);
			runOnlyForDeploymentPostprocessing = 0;
		};
		400FBAD521299D4C00200EAA /* Resources */ = {
			isa = PBXResourcesBuildPhase;
			buildActionMask = 2147483647;
			files = (
			);
			runOnlyForDeploymentPostprocessing = 0;
		};
		400FBAE021299D4C00200EAA /* Resources */ = {
			isa = PBXResourcesBuildPhase;
			buildActionMask = 2147483647;
			files = (
			);
			runOnlyForDeploymentPostprocessing = 0;
		};
/* End PBXResourcesBuildPhase section */

/* Begin PBXShellScriptBuildPhase section */
		15D887DC57BCB3ED14315EEB /* [CP] Check Pods Manifest.lock */ = {
			isa = PBXShellScriptBuildPhase;
			buildActionMask = 2147483647;
			files = (
			);
			inputPaths = (
				"${PODS_PODFILE_DIR_PATH}/Podfile.lock",
				"${PODS_ROOT}/Manifest.lock",
			);
			name = "[CP] Check Pods Manifest.lock";
			outputPaths = (
				"$(DERIVED_FILE_DIR)/Pods-ShareUITests-checkManifestLockResult.txt",
			);
			runOnlyForDeploymentPostprocessing = 0;
			shellPath = /bin/sh;
			shellScript = "diff \"${PODS_PODFILE_DIR_PATH}/Podfile.lock\" \"${PODS_ROOT}/Manifest.lock\" > /dev/null\nif [ $? != 0 ] ; then\n    # print error to STDERR\n    echo \"error: The sandbox is not in sync with the Podfile.lock. Run 'pod install' or update your CocoaPods installation.\" >&2\n    exit 1\nfi\n# This output is used by Xcode 'outputs' to avoid re-running this script phase.\necho \"SUCCESS\" > \"${SCRIPT_OUTPUT_FILE_0}\"\n";
			showEnvVarsInLog = 0;
		};
		6809445A7F0AB960262A6E9D /* [CP] Embed Pods Frameworks */ = {
			isa = PBXShellScriptBuildPhase;
			buildActionMask = 2147483647;
			files = (
			);
			inputPaths = (
				"${SRCROOT}/Pods/Target Support Files/Pods-Share/Pods-Share-frameworks.sh",
				"${BUILT_PRODUCTS_DIR}/GTMSessionFetcher/GTMSessionFetcher.framework",
				"${BUILT_PRODUCTS_DIR}/GoogleUtilities/GoogleUtilities.framework",
				"${BUILT_PRODUCTS_DIR}/leveldb-library/leveldb.framework",
				"${BUILT_PRODUCTS_DIR}/nanopb/nanopb.framework",
			);
			name = "[CP] Embed Pods Frameworks";
			outputPaths = (
				"${TARGET_BUILD_DIR}/${FRAMEWORKS_FOLDER_PATH}/GTMSessionFetcher.framework",
				"${TARGET_BUILD_DIR}/${FRAMEWORKS_FOLDER_PATH}/GoogleUtilities.framework",
				"${TARGET_BUILD_DIR}/${FRAMEWORKS_FOLDER_PATH}/leveldb.framework",
				"${TARGET_BUILD_DIR}/${FRAMEWORKS_FOLDER_PATH}/nanopb.framework",
			);
			runOnlyForDeploymentPostprocessing = 0;
			shellPath = /bin/sh;
			shellScript = "\"${SRCROOT}/Pods/Target Support Files/Pods-Share/Pods-Share-frameworks.sh\"\n";
			showEnvVarsInLog = 0;
		};
		C1A0B093A95812A4C958F3F5 /* [CP] Check Pods Manifest.lock */ = {
			isa = PBXShellScriptBuildPhase;
			buildActionMask = 2147483647;
			files = (
			);
			inputPaths = (
				"${PODS_PODFILE_DIR_PATH}/Podfile.lock",
				"${PODS_ROOT}/Manifest.lock",
			);
			name = "[CP] Check Pods Manifest.lock";
			outputPaths = (
				"$(DERIVED_FILE_DIR)/Pods-ShareTests-checkManifestLockResult.txt",
			);
			runOnlyForDeploymentPostprocessing = 0;
			shellPath = /bin/sh;
			shellScript = "diff \"${PODS_PODFILE_DIR_PATH}/Podfile.lock\" \"${PODS_ROOT}/Manifest.lock\" > /dev/null\nif [ $? != 0 ] ; then\n    # print error to STDERR\n    echo \"error: The sandbox is not in sync with the Podfile.lock. Run 'pod install' or update your CocoaPods installation.\" >&2\n    exit 1\nfi\n# This output is used by Xcode 'outputs' to avoid re-running this script phase.\necho \"SUCCESS\" > \"${SCRIPT_OUTPUT_FILE_0}\"\n";
			showEnvVarsInLog = 0;
		};
		FEBD5EFE740CAFEE0491A484 /* [CP] Check Pods Manifest.lock */ = {
			isa = PBXShellScriptBuildPhase;
			buildActionMask = 2147483647;
			files = (
			);
			inputPaths = (
				"${PODS_PODFILE_DIR_PATH}/Podfile.lock",
				"${PODS_ROOT}/Manifest.lock",
			);
			name = "[CP] Check Pods Manifest.lock";
			outputPaths = (
				"$(DERIVED_FILE_DIR)/Pods-Share-checkManifestLockResult.txt",
			);
			runOnlyForDeploymentPostprocessing = 0;
			shellPath = /bin/sh;
			shellScript = "diff \"${PODS_PODFILE_DIR_PATH}/Podfile.lock\" \"${PODS_ROOT}/Manifest.lock\" > /dev/null\nif [ $? != 0 ] ; then\n    # print error to STDERR\n    echo \"error: The sandbox is not in sync with the Podfile.lock. Run 'pod install' or update your CocoaPods installation.\" >&2\n    exit 1\nfi\n# This output is used by Xcode 'outputs' to avoid re-running this script phase.\necho \"SUCCESS\" > \"${SCRIPT_OUTPUT_FILE_0}\"\n";
			showEnvVarsInLog = 0;
		};
/* End PBXShellScriptBuildPhase section */

/* Begin PBXSourcesBuildPhase section */
		400FBABF21299D4900200EAA /* Sources */ = {
			isa = PBXSourcesBuildPhase;
			buildActionMask = 2147483647;
			files = (
				400FBAC921299D4900200EAA /* ViewController.swift in Sources */,
				4081659B2132A33700735149 /* LoginController.swift in Sources */,
				400FBAC721299D4900200EAA /* AppDelegate.swift in Sources */,
			);
			runOnlyForDeploymentPostprocessing = 0;
		};
		400FBAD321299D4C00200EAA /* Sources */ = {
			isa = PBXSourcesBuildPhase;
			buildActionMask = 2147483647;
			files = (
				400FBADC21299D4C00200EAA /* ShareTests.swift in Sources */,
			);
			runOnlyForDeploymentPostprocessing = 0;
		};
		400FBADE21299D4C00200EAA /* Sources */ = {
			isa = PBXSourcesBuildPhase;
			buildActionMask = 2147483647;
			files = (
				400FBAE721299D4C00200EAA /* ShareUITests.swift in Sources */,
			);
			runOnlyForDeploymentPostprocessing = 0;
		};
/* End PBXSourcesBuildPhase section */

/* Begin PBXTargetDependency section */
		400FBAD921299D4C00200EAA /* PBXTargetDependency */ = {
			isa = PBXTargetDependency;
			target = 400FBAC221299D4900200EAA /* Share */;
			targetProxy = 400FBAD821299D4C00200EAA /* PBXContainerItemProxy */;
		};
		400FBAE421299D4C00200EAA /* PBXTargetDependency */ = {
			isa = PBXTargetDependency;
			target = 400FBAC221299D4900200EAA /* Share */;
			targetProxy = 400FBAE321299D4C00200EAA /* PBXContainerItemProxy */;
		};
/* End PBXTargetDependency section */

/* Begin PBXVariantGroup section */
		400FBACA21299D4900200EAA /* Main.storyboard */ = {
			isa = PBXVariantGroup;
			children = (
				400FBACB21299D4900200EAA /* Base */,
			);
			name = Main.storyboard;
			sourceTree = "<group>";
		};
		400FBACF21299D4C00200EAA /* LaunchScreen.storyboard */ = {
			isa = PBXVariantGroup;
			children = (
				400FBAD021299D4C00200EAA /* Base */,
			);
			name = LaunchScreen.storyboard;
			sourceTree = "<group>";
		};
/* End PBXVariantGroup section */

/* Begin XCBuildConfiguration section */
		400FBAE921299D4C00200EAA /* Debug */ = {
			isa = XCBuildConfiguration;
			buildSettings = {
				ALWAYS_SEARCH_USER_PATHS = NO;
				CLANG_ANALYZER_NONNULL = YES;
				CLANG_ANALYZER_NUMBER_OBJECT_CONVERSION = YES_AGGRESSIVE;
				CLANG_CXX_LANGUAGE_STANDARD = "gnu++14";
				CLANG_CXX_LIBRARY = "libc++";
				CLANG_ENABLE_MODULES = YES;
				CLANG_ENABLE_OBJC_ARC = YES;
				CLANG_ENABLE_OBJC_WEAK = YES;
				CLANG_WARN_BLOCK_CAPTURE_AUTORELEASING = YES;
				CLANG_WARN_BOOL_CONVERSION = YES;
				CLANG_WARN_COMMA = YES;
				CLANG_WARN_CONSTANT_CONVERSION = YES;
				CLANG_WARN_DEPRECATED_OBJC_IMPLEMENTATIONS = YES;
				CLANG_WARN_DIRECT_OBJC_ISA_USAGE = YES_ERROR;
				CLANG_WARN_DOCUMENTATION_COMMENTS = YES;
				CLANG_WARN_EMPTY_BODY = YES;
				CLANG_WARN_ENUM_CONVERSION = YES;
				CLANG_WARN_INFINITE_RECURSION = YES;
				CLANG_WARN_INT_CONVERSION = YES;
				CLANG_WARN_NON_LITERAL_NULL_CONVERSION = YES;
				CLANG_WARN_OBJC_IMPLICIT_RETAIN_SELF = YES;
				CLANG_WARN_OBJC_LITERAL_CONVERSION = YES;
				CLANG_WARN_OBJC_ROOT_CLASS = YES_ERROR;
				CLANG_WARN_RANGE_LOOP_ANALYSIS = YES;
				CLANG_WARN_STRICT_PROTOTYPES = YES;
				CLANG_WARN_SUSPICIOUS_MOVE = YES;
				CLANG_WARN_UNGUARDED_AVAILABILITY = YES_AGGRESSIVE;
				CLANG_WARN_UNREACHABLE_CODE = YES;
				CLANG_WARN__DUPLICATE_METHOD_MATCH = YES;
				CODE_SIGN_IDENTITY = "iPhone Developer";
				COPY_PHASE_STRIP = NO;
				DEBUG_INFORMATION_FORMAT = dwarf;
				ENABLE_STRICT_OBJC_MSGSEND = YES;
				ENABLE_TESTABILITY = YES;
				GCC_C_LANGUAGE_STANDARD = gnu11;
				GCC_DYNAMIC_NO_PIC = NO;
				GCC_NO_COMMON_BLOCKS = YES;
				GCC_OPTIMIZATION_LEVEL = 0;
				GCC_PREPROCESSOR_DEFINITIONS = (
					"DEBUG=1",
					"$(inherited)",
				);
				GCC_WARN_64_TO_32_BIT_CONVERSION = YES;
				GCC_WARN_ABOUT_RETURN_TYPE = YES_ERROR;
				GCC_WARN_UNDECLARED_SELECTOR = YES;
				GCC_WARN_UNINITIALIZED_AUTOS = YES_AGGRESSIVE;
				GCC_WARN_UNUSED_FUNCTION = YES;
				GCC_WARN_UNUSED_VARIABLE = YES;
				IPHONEOS_DEPLOYMENT_TARGET = 11.4;
				MTL_ENABLE_DEBUG_INFO = YES;
				ONLY_ACTIVE_ARCH = YES;
				SDKROOT = iphoneos;
				SWIFT_ACTIVE_COMPILATION_CONDITIONS = DEBUG;
				SWIFT_OPTIMIZATION_LEVEL = "-Onone";
			};
			name = Debug;
		};
		400FBAEA21299D4C00200EAA /* Release */ = {
			isa = XCBuildConfiguration;
			buildSettings = {
				ALWAYS_SEARCH_USER_PATHS = NO;
				CLANG_ANALYZER_NONNULL = YES;
				CLANG_ANALYZER_NUMBER_OBJECT_CONVERSION = YES_AGGRESSIVE;
				CLANG_CXX_LANGUAGE_STANDARD = "gnu++14";
				CLANG_CXX_LIBRARY = "libc++";
				CLANG_ENABLE_MODULES = YES;
				CLANG_ENABLE_OBJC_ARC = YES;
				CLANG_ENABLE_OBJC_WEAK = YES;
				CLANG_WARN_BLOCK_CAPTURE_AUTORELEASING = YES;
				CLANG_WARN_BOOL_CONVERSION = YES;
				CLANG_WARN_COMMA = YES;
				CLANG_WARN_CONSTANT_CONVERSION = YES;
				CLANG_WARN_DEPRECATED_OBJC_IMPLEMENTATIONS = YES;
				CLANG_WARN_DIRECT_OBJC_ISA_USAGE = YES_ERROR;
				CLANG_WARN_DOCUMENTATION_COMMENTS = YES;
				CLANG_WARN_EMPTY_BODY = YES;
				CLANG_WARN_ENUM_CONVERSION = YES;
				CLANG_WARN_INFINITE_RECURSION = YES;
				CLANG_WARN_INT_CONVERSION = YES;
				CLANG_WARN_NON_LITERAL_NULL_CONVERSION = YES;
				CLANG_WARN_OBJC_IMPLICIT_RETAIN_SELF = YES;
				CLANG_WARN_OBJC_LITERAL_CONVERSION = YES;
				CLANG_WARN_OBJC_ROOT_CLASS = YES_ERROR;
				CLANG_WARN_RANGE_LOOP_ANALYSIS = YES;
				CLANG_WARN_STRICT_PROTOTYPES = YES;
				CLANG_WARN_SUSPICIOUS_MOVE = YES;
				CLANG_WARN_UNGUARDED_AVAILABILITY = YES_AGGRESSIVE;
				CLANG_WARN_UNREACHABLE_CODE = YES;
				CLANG_WARN__DUPLICATE_METHOD_MATCH = YES;
				CODE_SIGN_IDENTITY = "iPhone Developer";
				COPY_PHASE_STRIP = NO;
				DEBUG_INFORMATION_FORMAT = "dwarf-with-dsym";
				ENABLE_NS_ASSERTIONS = NO;
				ENABLE_STRICT_OBJC_MSGSEND = YES;
				GCC_C_LANGUAGE_STANDARD = gnu11;
				GCC_NO_COMMON_BLOCKS = YES;
				GCC_WARN_64_TO_32_BIT_CONVERSION = YES;
				GCC_WARN_ABOUT_RETURN_TYPE = YES_ERROR;
				GCC_WARN_UNDECLARED_SELECTOR = YES;
				GCC_WARN_UNINITIALIZED_AUTOS = YES_AGGRESSIVE;
				GCC_WARN_UNUSED_FUNCTION = YES;
				GCC_WARN_UNUSED_VARIABLE = YES;
				IPHONEOS_DEPLOYMENT_TARGET = 11.4;
				MTL_ENABLE_DEBUG_INFO = NO;
				SDKROOT = iphoneos;
				SWIFT_COMPILATION_MODE = wholemodule;
				SWIFT_OPTIMIZATION_LEVEL = "-O";
				VALIDATE_PRODUCT = YES;
			};
			name = Release;
		};
		400FBAEC21299D4C00200EAA /* Debug */ = {
			isa = XCBuildConfiguration;
			baseConfigurationReference = FA0BECB48AA7C5D23B3B4C42 /* Pods-Share.debug.xcconfig */;
			buildSettings = {
				ASSETCATALOG_COMPILER_APPICON_NAME = AppIcon;
				CODE_SIGN_STYLE = Automatic;
				INFOPLIST_FILE = Share/Info.plist;
				LD_RUNPATH_SEARCH_PATHS = (
					"$(inherited)",
					"@executable_path/Frameworks",
				);
				PRODUCT_BUNDLE_IDENTIFIER = Team4.Share;
				PRODUCT_NAME = "$(TARGET_NAME)";
				SWIFT_VERSION = 4.0;
				TARGETED_DEVICE_FAMILY = "1,2";
			};
			name = Debug;
		};
		400FBAED21299D4C00200EAA /* Release */ = {
			isa = XCBuildConfiguration;
			baseConfigurationReference = 655EFFF0D40EC2F156EBA7FC /* Pods-Share.release.xcconfig */;
			buildSettings = {
				ASSETCATALOG_COMPILER_APPICON_NAME = AppIcon;
				CODE_SIGN_STYLE = Automatic;
				INFOPLIST_FILE = Share/Info.plist;
				LD_RUNPATH_SEARCH_PATHS = (
					"$(inherited)",
					"@executable_path/Frameworks",
				);
				PRODUCT_BUNDLE_IDENTIFIER = Team4.Share;
				PRODUCT_NAME = "$(TARGET_NAME)";
				SWIFT_VERSION = 4.0;
				TARGETED_DEVICE_FAMILY = "1,2";
			};
			name = Release;
		};
		400FBAEF21299D4C00200EAA /* Debug */ = {
			isa = XCBuildConfiguration;
			baseConfigurationReference = 4D26BBA75A49161E658EBA5B /* Pods-ShareTests.debug.xcconfig */;
			buildSettings = {
				ALWAYS_EMBED_SWIFT_STANDARD_LIBRARIES = YES;
				BUNDLE_LOADER = "$(TEST_HOST)";
				CODE_SIGN_STYLE = Automatic;
				INFOPLIST_FILE = ShareTests/Info.plist;
				LD_RUNPATH_SEARCH_PATHS = (
					"$(inherited)",
					"@executable_path/Frameworks",
					"@loader_path/Frameworks",
				);
				PRODUCT_BUNDLE_IDENTIFIER = Team4.ShareTests;
				PRODUCT_NAME = "$(TARGET_NAME)";
				SWIFT_VERSION = 4.0;
				TARGETED_DEVICE_FAMILY = "1,2";
				TEST_HOST = "$(BUILT_PRODUCTS_DIR)/Share.app/Share";
			};
			name = Debug;
		};
		400FBAF021299D4C00200EAA /* Release */ = {
			isa = XCBuildConfiguration;
			baseConfigurationReference = F387040DE8BF932EBA740041 /* Pods-ShareTests.release.xcconfig */;
			buildSettings = {
				ALWAYS_EMBED_SWIFT_STANDARD_LIBRARIES = YES;
				BUNDLE_LOADER = "$(TEST_HOST)";
				CODE_SIGN_STYLE = Automatic;
				INFOPLIST_FILE = ShareTests/Info.plist;
				LD_RUNPATH_SEARCH_PATHS = (
					"$(inherited)",
					"@executable_path/Frameworks",
					"@loader_path/Frameworks",
				);
				PRODUCT_BUNDLE_IDENTIFIER = Team4.ShareTests;
				PRODUCT_NAME = "$(TARGET_NAME)";
				SWIFT_VERSION = 4.0;
				TARGETED_DEVICE_FAMILY = "1,2";
				TEST_HOST = "$(BUILT_PRODUCTS_DIR)/Share.app/Share";
			};
			name = Release;
		};
		400FBAF221299D4C00200EAA /* Debug */ = {
			isa = XCBuildConfiguration;
			baseConfigurationReference = 0CA20C92098BCC5921E60A23 /* Pods-ShareUITests.debug.xcconfig */;
			buildSettings = {
				ALWAYS_EMBED_SWIFT_STANDARD_LIBRARIES = YES;
				CODE_SIGN_STYLE = Automatic;
				INFOPLIST_FILE = ShareUITests/Info.plist;
				LD_RUNPATH_SEARCH_PATHS = (
					"$(inherited)",
					"@executable_path/Frameworks",
					"@loader_path/Frameworks",
				);
				PRODUCT_BUNDLE_IDENTIFIER = Team4.ShareUITests;
				PRODUCT_NAME = "$(TARGET_NAME)";
				SWIFT_VERSION = 4.0;
				TARGETED_DEVICE_FAMILY = "1,2";
				TEST_TARGET_NAME = Share;
			};
			name = Debug;
		};
		400FBAF321299D4C00200EAA /* Release */ = {
			isa = XCBuildConfiguration;
			baseConfigurationReference = 501AEFA7430D8AAA588AB94A /* Pods-ShareUITests.release.xcconfig */;
			buildSettings = {
				ALWAYS_EMBED_SWIFT_STANDARD_LIBRARIES = YES;
				CODE_SIGN_STYLE = Automatic;
				INFOPLIST_FILE = ShareUITests/Info.plist;
				LD_RUNPATH_SEARCH_PATHS = (
					"$(inherited)",
					"@executable_path/Frameworks",
					"@loader_path/Frameworks",
				);
				PRODUCT_BUNDLE_IDENTIFIER = Team4.ShareUITests;
				PRODUCT_NAME = "$(TARGET_NAME)";
				SWIFT_VERSION = 4.0;
				TARGETED_DEVICE_FAMILY = "1,2";
				TEST_TARGET_NAME = Share;
			};
			name = Release;
		};
/* End XCBuildConfiguration section */

/* Begin XCConfigurationList section */
		400FBABE21299D4900200EAA /* Build configuration list for PBXProject "Share" */ = {
			isa = XCConfigurationList;
			buildConfigurations = (
				400FBAE921299D4C00200EAA /* Debug */,
				400FBAEA21299D4C00200EAA /* Release */,
			);
			defaultConfigurationIsVisible = 0;
			defaultConfigurationName = Release;
		};
		400FBAEB21299D4C00200EAA /* Build configuration list for PBXNativeTarget "Share" */ = {
			isa = XCConfigurationList;
			buildConfigurations = (
				400FBAEC21299D4C00200EAA /* Debug */,
				400FBAED21299D4C00200EAA /* Release */,
			);
			defaultConfigurationIsVisible = 0;
			defaultConfigurationName = Release;
		};
		400FBAEE21299D4C00200EAA /* Build configuration list for PBXNativeTarget "ShareTests" */ = {
			isa = XCConfigurationList;
			buildConfigurations = (
				400FBAEF21299D4C00200EAA /* Debug */,
				400FBAF021299D4C00200EAA /* Release */,
			);
			defaultConfigurationIsVisible = 0;
			defaultConfigurationName = Release;
		};
		400FBAF121299D4C00200EAA /* Build configuration list for PBXNativeTarget "ShareUITests" */ = {
			isa = XCConfigurationList;
			buildConfigurations = (
				400FBAF221299D4C00200EAA /* Debug */,
				400FBAF321299D4C00200EAA /* Release */,
			);
			defaultConfigurationIsVisible = 0;
			defaultConfigurationName = Release;
		};
/* End XCConfigurationList section */
	};
	rootObject = 400FBABB21299D4900200EAA /* Project object */;
}
